// !$*UTF8*$!
{
	archiveVersion = 1;
	classes = {
	};
	objectVersion = 56;
	objects = {

/* Begin PBXBuildFile section */
		B84D23DA2B0D086700B8D16C /* syntaxTest.swift in Sources */ = {isa = PBXBuildFile; fileRef = B84D23D92B0D086700B8D16C /* syntaxTest.swift */; };
		B84E58402BBCF68D00C4F584 /* CurrencyTip.swift in Sources */ = {isa = PBXBuildFile; fileRef = B84E583F2BBCF68D00C4F584 /* CurrencyTip.swift */; };
		B8554EBA2B07A9350091FE89 /* TestAppApp.swift in Sources */ = {isa = PBXBuildFile; fileRef = B8554EB92B07A9350091FE89 /* TestAppApp.swift */; };
		B8554EBC2B07A9350091FE89 /* ContentView.swift in Sources */ = {isa = PBXBuildFile; fileRef = B8554EBB2B07A9350091FE89 /* ContentView.swift */; };
		B8554EBE2B07A9370091FE89 /* Assets.xcassets in Resources */ = {isa = PBXBuildFile; fileRef = B8554EBD2B07A9370091FE89 /* Assets.xcassets */; };
		B8554EC22B07A9370091FE89 /* Preview Assets.xcassets in Resources */ = {isa = PBXBuildFile; fileRef = B8554EC12B07A9370091FE89 /* Preview Assets.xcassets */; };
		B8554ECC2B07A9380091FE89 /* TestAppTests.swift in Sources */ = {isa = PBXBuildFile; fileRef = B8554ECB2B07A9380091FE89 /* TestAppTests.swift */; };
		B8554ED62B07A9380091FE89 /* TestAppUITests.swift in Sources */ = {isa = PBXBuildFile; fileRef = B8554ED52B07A9380091FE89 /* TestAppUITests.swift */; };
		B8554ED82B07A9380091FE89 /* TestAppUITestsLaunchTests.swift in Sources */ = {isa = PBXBuildFile; fileRef = B8554ED72B07A9380091FE89 /* TestAppUITestsLaunchTests.swift */; };
		B85E9E352B9E188D003180A1 /* SelectCurrencyView.swift in Sources */ = {isa = PBXBuildFile; fileRef = B85E9E342B9E188D003180A1 /* SelectCurrencyView.swift */; };
		B86946AC2BAA001C00311FBE /* Currency.swift in Sources */ = {isa = PBXBuildFile; fileRef = B86946AB2BAA001C00311FBE /* Currency.swift */; };
		B886201E2BAC96DE006D9F04 /* IconGrid.swift in Sources */ = {isa = PBXBuildFile; fileRef = B886201D2BAC96DE006D9F04 /* IconGrid.swift */; };
		B88620202BAC9B49006D9F04 /* CurrencyInputView.swift in Sources */ = {isa = PBXBuildFile; fileRef = B886201F2BAC9B49006D9F04 /* CurrencyInputView.swift */; };
		B8F26F8B2B97933100D6F643 /* ExchangeInfoView.swift in Sources */ = {isa = PBXBuildFile; fileRef = B8F26F8A2B97933100D6F643 /* ExchangeInfoView.swift */; };
		B8F26F8D2B97943100D6F643 /* NewAssets.xcassets in Resources */ = {isa = PBXBuildFile; fileRef = B8F26F8C2B97943100D6F643 /* NewAssets.xcassets */; };
/* End PBXBuildFile section */

/* Begin PBXContainerItemProxy section */
		B8554EC82B07A9380091FE89 /* PBXContainerItemProxy */ = {
			isa = PBXContainerItemProxy;
			containerPortal = B8554EAE2B07A9350091FE89 /* Project object */;
			proxyType = 1;
			remoteGlobalIDString = B8554EB52B07A9350091FE89;
			remoteInfo = TestApp;
		};
		B8554ED22B07A9380091FE89 /* PBXContainerItemProxy */ = {
			isa = PBXContainerItemProxy;
			containerPortal = B8554EAE2B07A9350091FE89 /* Project object */;
			proxyType = 1;
			remoteGlobalIDString = B8554EB52B07A9350091FE89;
			remoteInfo = TestApp;
		};
/* End PBXContainerItemProxy section */

/* Begin PBXFileReference section */
		B84D23D92B0D086700B8D16C /* syntaxTest.swift */ = {isa = PBXFileReference; lastKnownFileType = sourcecode.swift; path = syntaxTest.swift; sourceTree = "<group>"; };
		B84E583F2BBCF68D00C4F584 /* CurrencyTip.swift */ = {isa = PBXFileReference; lastKnownFileType = sourcecode.swift; path = CurrencyTip.swift; sourceTree = "<group>"; };
		B8554EB62B07A9350091FE89 /* TestApp.app */ = {isa = PBXFileReference; explicitFileType = wrapper.application; includeInIndex = 0; path = TestApp.app; sourceTree = BUILT_PRODUCTS_DIR; };
		B8554EB92B07A9350091FE89 /* TestAppApp.swift */ = {isa = PBXFileReference; lastKnownFileType = sourcecode.swift; path = TestAppApp.swift; sourceTree = "<group>"; };
		B8554EBB2B07A9350091FE89 /* ContentView.swift */ = {isa = PBXFileReference; lastKnownFileType = sourcecode.swift; path = ContentView.swift; sourceTree = "<group>"; };
		B8554EBD2B07A9370091FE89 /* Assets.xcassets */ = {isa = PBXFileReference; lastKnownFileType = folder.assetcatalog; path = Assets.xcassets; sourceTree = "<group>"; };
		B8554EBF2B07A9370091FE89 /* TestApp.entitlements */ = {isa = PBXFileReference; lastKnownFileType = text.plist.entitlements; path = TestApp.entitlements; sourceTree = "<group>"; };
		B8554EC12B07A9370091FE89 /* Preview Assets.xcassets */ = {isa = PBXFileReference; lastKnownFileType = folder.assetcatalog; path = "Preview Assets.xcassets"; sourceTree = "<group>"; };
		B8554EC72B07A9380091FE89 /* TestAppTests.xctest */ = {isa = PBXFileReference; explicitFileType = wrapper.cfbundle; includeInIndex = 0; path = TestAppTests.xctest; sourceTree = BUILT_PRODUCTS_DIR; };
		B8554ECB2B07A9380091FE89 /* TestAppTests.swift */ = {isa = PBXFileReference; lastKnownFileType = sourcecode.swift; path = TestAppTests.swift; sourceTree = "<group>"; };
		B8554ED12B07A9380091FE89 /* TestAppUITests.xctest */ = {isa = PBXFileReference; explicitFileType = wrapper.cfbundle; includeInIndex = 0; path = TestAppUITests.xctest; sourceTree = BUILT_PRODUCTS_DIR; };
		B8554ED52B07A9380091FE89 /* TestAppUITests.swift */ = {isa = PBXFileReference; lastKnownFileType = sourcecode.swift; path = TestAppUITests.swift; sourceTree = "<group>"; };
		B8554ED72B07A9380091FE89 /* TestAppUITestsLaunchTests.swift */ = {isa = PBXFileReference; lastKnownFileType = sourcecode.swift; path = TestAppUITestsLaunchTests.swift; sourceTree = "<group>"; };
		B85E9E342B9E188D003180A1 /* SelectCurrencyView.swift */ = {isa = PBXFileReference; lastKnownFileType = sourcecode.swift; path = SelectCurrencyView.swift; sourceTree = "<group>"; };
		B86946AB2BAA001C00311FBE /* Currency.swift */ = {isa = PBXFileReference; lastKnownFileType = sourcecode.swift; path = Currency.swift; sourceTree = "<group>"; };
		B886201D2BAC96DE006D9F04 /* IconGrid.swift */ = {isa = PBXFileReference; lastKnownFileType = sourcecode.swift; path = IconGrid.swift; sourceTree = "<group>"; };
		B886201F2BAC9B49006D9F04 /* CurrencyInputView.swift */ = {isa = PBXFileReference; lastKnownFileType = sourcecode.swift; path = CurrencyInputView.swift; sourceTree = "<group>"; };
		B8F26F8A2B97933100D6F643 /* ExchangeInfoView.swift */ = {isa = PBXFileReference; lastKnownFileType = sourcecode.swift; path = ExchangeInfoView.swift; sourceTree = "<group>"; };
		B8F26F8C2B97943100D6F643 /* NewAssets.xcassets */ = {isa = PBXFileReference; lastKnownFileType = folder.assetcatalog; path = NewAssets.xcassets; sourceTree = "<group>"; };
/* End PBXFileReference section */

/* Begin PBXFrameworksBuildPhase section */
		B8554EB32B07A9350091FE89 /* Frameworks */ = {
			isa = PBXFrameworksBuildPhase;
			buildActionMask = 2147483647;
			files = (
			);
			runOnlyForDeploymentPostprocessing = 0;
		};
		B8554EC42B07A9380091FE89 /* Frameworks */ = {
			isa = PBXFrameworksBuildPhase;
			buildActionMask = 2147483647;
			files = (
			);
			runOnlyForDeploymentPostprocessing = 0;
		};
		B8554ECE2B07A9380091FE89 /* Frameworks */ = {
			isa = PBXFrameworksBuildPhase;
			buildActionMask = 2147483647;
			files = (
			);
			runOnlyForDeploymentPostprocessing = 0;
		};
/* End PBXFrameworksBuildPhase section */

/* Begin PBXGroup section */
		B8554EAD2B07A9350091FE89 = {
			isa = PBXGroup;
			children = (
				B8554EB82B07A9350091FE89 /* TestApp */,
				B8554ECA2B07A9380091FE89 /* TestAppTests */,
				B8554ED42B07A9380091FE89 /* TestAppUITests */,
				B8554EB72B07A9350091FE89 /* Products */,
			);
			sourceTree = "<group>";
		};
		B8554EB72B07A9350091FE89 /* Products */ = {
			isa = PBXGroup;
			children = (
				B8554EB62B07A9350091FE89 /* TestApp.app */,
				B8554EC72B07A9380091FE89 /* TestAppTests.xctest */,
				B8554ED12B07A9380091FE89 /* TestAppUITests.xctest */,
			);
			name = Products;
			sourceTree = "<group>";
		};
		B8554EB82B07A9350091FE89 /* TestApp */ = {
			isa = PBXGroup;
			children = (
				B8554EB92B07A9350091FE89 /* TestAppApp.swift */,
				B8554EBB2B07A9350091FE89 /* ContentView.swift */,
				B886201F2BAC9B49006D9F04 /* CurrencyInputView.swift */,
				B85E9E342B9E188D003180A1 /* SelectCurrencyView.swift */,
				B886201D2BAC96DE006D9F04 /* IconGrid.swift */,
				B86946AB2BAA001C00311FBE /* Currency.swift */,
				B8F26F8A2B97933100D6F643 /* ExchangeInfoView.swift */,
				B84E583F2BBCF68D00C4F584 /* CurrencyTip.swift */,
				B8554EBD2B07A9370091FE89 /* Assets.xcassets */,
				B8F26F8C2B97943100D6F643 /* NewAssets.xcassets */,
				B8554EBF2B07A9370091FE89 /* TestApp.entitlements */,
				B8554EC02B07A9370091FE89 /* Preview Content */,
			);
			path = TestApp;
			sourceTree = "<group>";
		};
		B8554EC02B07A9370091FE89 /* Preview Content */ = {
			isa = PBXGroup;
			children = (
				B8554EC12B07A9370091FE89 /* Preview Assets.xcassets */,
			);
			path = "Preview Content";
			sourceTree = "<group>";
		};
		B8554ECA2B07A9380091FE89 /* TestAppTests */ = {
			isa = PBXGroup;
			children = (
				B8554ECB2B07A9380091FE89 /* TestAppTests.swift */,
				B84D23D92B0D086700B8D16C /* syntaxTest.swift */,
			);
			path = TestAppTests;
			sourceTree = "<group>";
		};
		B8554ED42B07A9380091FE89 /* TestAppUITests */ = {
			isa = PBXGroup;
			children = (
				B8554ED52B07A9380091FE89 /* TestAppUITests.swift */,
				B8554ED72B07A9380091FE89 /* TestAppUITestsLaunchTests.swift */,
			);
			path = TestAppUITests;
			sourceTree = "<group>";
		};
/* End PBXGroup section */

/* Begin PBXNativeTarget section */
		B8554EB52B07A9350091FE89 /* TestApp */ = {
			isa = PBXNativeTarget;
			buildConfigurationList = B8554EDB2B07A9380091FE89 /* Build configuration list for PBXNativeTarget "TestApp" */;
			buildPhases = (
				B8554EB22B07A9350091FE89 /* Sources */,
				B8554EB32B07A9350091FE89 /* Frameworks */,
				B8554EB42B07A9350091FE89 /* Resources */,
			);
			buildRules = (
			);
			dependencies = (
			);
			name = TestApp;
			productName = TestApp;
			productReference = B8554EB62B07A9350091FE89 /* TestApp.app */;
			productType = "com.apple.product-type.application";
		};
		B8554EC62B07A9380091FE89 /* TestAppTests */ = {
			isa = PBXNativeTarget;
			buildConfigurationList = B8554EDE2B07A9380091FE89 /* Build configuration list for PBXNativeTarget "TestAppTests" */;
			buildPhases = (
				B8554EC32B07A9380091FE89 /* Sources */,
				B8554EC42B07A9380091FE89 /* Frameworks */,
				B8554EC52B07A9380091FE89 /* Resources */,
			);
			buildRules = (
			);
			dependencies = (
				B8554EC92B07A9380091FE89 /* PBXTargetDependency */,
			);
			name = TestAppTests;
			productName = TestAppTests;
			productReference = B8554EC72B07A9380091FE89 /* TestAppTests.xctest */;
			productType = "com.apple.product-type.bundle.unit-test";
		};
		B8554ED02B07A9380091FE89 /* TestAppUITests */ = {
			isa = PBXNativeTarget;
			buildConfigurationList = B8554EE12B07A9380091FE89 /* Build configuration list for PBXNativeTarget "TestAppUITests" */;
			buildPhases = (
				B8554ECD2B07A9380091FE89 /* Sources */,
				B8554ECE2B07A9380091FE89 /* Frameworks */,
				B8554ECF2B07A9380091FE89 /* Resources */,
			);
			buildRules = (
			);
			dependencies = (
				B8554ED32B07A9380091FE89 /* PBXTargetDependency */,
			);
			name = TestAppUITests;
			productName = TestAppUITests;
			productReference = B8554ED12B07A9380091FE89 /* TestAppUITests.xctest */;
			productType = "com.apple.product-type.bundle.ui-testing";
		};
/* End PBXNativeTarget section */

/* Begin PBXProject section */
		B8554EAE2B07A9350091FE89 /* Project object */ = {
			isa = PBXProject;
			attributes = {
				BuildIndependentTargetsInParallel = 1;
				LastSwiftUpdateCheck = 1500;
				LastUpgradeCheck = 1500;
				TargetAttributes = {
					B8554EB52B07A9350091FE89 = {
						CreatedOnToolsVersion = 15.0.1;
					};
					B8554EC62B07A9380091FE89 = {
						CreatedOnToolsVersion = 15.0.1;
						TestTargetID = B8554EB52B07A9350091FE89;
					};
					B8554ED02B07A9380091FE89 = {
						CreatedOnToolsVersion = 15.0.1;
						TestTargetID = B8554EB52B07A9350091FE89;
					};
				};
			};
			buildConfigurationList = B8554EB12B07A9350091FE89 /* Build configuration list for PBXProject "TestApp" */;
			compatibilityVersion = "Xcode 14.0";
			developmentRegion = en;
			hasScannedForEncodings = 0;
			knownRegions = (
				en,
				Base,
			);
			mainGroup = B8554EAD2B07A9350091FE89;
			productRefGroup = B8554EB72B07A9350091FE89 /* Products */;
			projectDirPath = "";
			projectRoot = "";
			targets = (
				B8554EB52B07A9350091FE89 /* TestApp */,
				B8554EC62B07A9380091FE89 /* TestAppTests */,
				B8554ED02B07A9380091FE89 /* TestAppUITests */,
			);
		};
/* End PBXProject section */

/* Begin PBXResourcesBuildPhase section */
		B8554EB42B07A9350091FE89 /* Resources */ = {
			isa = PBXResourcesBuildPhase;
			buildActionMask = 2147483647;
			files = (
				B8F26F8D2B97943100D6F643 /* NewAssets.xcassets in Resources */,
				B8554EC22B07A9370091FE89 /* Preview Assets.xcassets in Resources */,
				B8554EBE2B07A9370091FE89 /* Assets.xcassets in Resources */,
			);
			runOnlyForDeploymentPostprocessing = 0;
		};
		B8554EC52B07A9380091FE89 /* Resources */ = {
			isa = PBXResourcesBuildPhase;
			buildActionMask = 2147483647;
			files = (
			);
			runOnlyForDeploymentPostprocessing = 0;
		};
		B8554ECF2B07A9380091FE89 /* Resources */ = {
			isa = PBXResourcesBuildPhase;
			buildActionMask = 2147483647;
			files = (
			);
			runOnlyForDeploymentPostprocessing = 0;
		};
/* End PBXResourcesBuildPhase section */

/* Begin PBXSourcesBuildPhase section */
		B8554EB22B07A9350091FE89 /* Sources */ = {
			isa = PBXSourcesBuildPhase;
			buildActionMask = 2147483647;
			files = (
				B88620202BAC9B49006D9F04 /* CurrencyInputView.swift in Sources */,
				B886201E2BAC96DE006D9F04 /* IconGrid.swift in Sources */,
				B8554EBC2B07A9350091FE89 /* ContentView.swift in Sources */,
				B86946AC2BAA001C00311FBE /* Currency.swift in Sources */,
				B84E58402BBCF68D00C4F584 /* CurrencyTip.swift in Sources */,
				B85E9E352B9E188D003180A1 /* SelectCurrencyView.swift in Sources */,
				B8554EBA2B07A9350091FE89 /* TestAppApp.swift in Sources */,
				B8F26F8B2B97933100D6F643 /* ExchangeInfoView.swift in Sources */,
			);
			runOnlyForDeploymentPostprocessing = 0;
		};
		B8554EC32B07A9380091FE89 /* Sources */ = {
			isa = PBXSourcesBuildPhase;
			buildActionMask = 2147483647;
			files = (
				B84D23DA2B0D086700B8D16C /* syntaxTest.swift in Sources */,
				B8554ECC2B07A9380091FE89 /* TestAppTests.swift in Sources */,
			);
			runOnlyForDeploymentPostprocessing = 0;
		};
		B8554ECD2B07A9380091FE89 /* Sources */ = {
			isa = PBXSourcesBuildPhase;
			buildActionMask = 2147483647;
			files = (
				B8554ED82B07A9380091FE89 /* TestAppUITestsLaunchTests.swift in Sources */,
				B8554ED62B07A9380091FE89 /* TestAppUITests.swift in Sources */,
			);
			runOnlyForDeploymentPostprocessing = 0;
		};
/* End PBXSourcesBuildPhase section */

/* Begin PBXTargetDependency section */
		B8554EC92B07A9380091FE89 /* PBXTargetDependency */ = {
			isa = PBXTargetDependency;
			target = B8554EB52B07A9350091FE89 /* TestApp */;
			targetProxy = B8554EC82B07A9380091FE89 /* PBXContainerItemProxy */;
		};
		B8554ED32B07A9380091FE89 /* PBXTargetDependency */ = {
			isa = PBXTargetDependency;
			target = B8554EB52B07A9350091FE89 /* TestApp */;
			targetProxy = B8554ED22B07A9380091FE89 /* PBXContainerItemProxy */;
		};
/* End PBXTargetDependency section */

/* Begin XCBuildConfiguration section */
		B8554ED92B07A9380091FE89 /* Debug */ = {
			isa = XCBuildConfiguration;
			buildSettings = {
				ALWAYS_SEARCH_USER_PATHS = NO;
				ASSETCATALOG_COMPILER_GENERATE_SWIFT_ASSET_SYMBOL_EXTENSIONS = YES;
				CLANG_ANALYZER_NONNULL = YES;
				CLANG_ANALYZER_NUMBER_OBJECT_CONVERSION = YES_AGGRESSIVE;
				CLANG_CXX_LANGUAGE_STANDARD = "gnu++20";
				CLANG_ENABLE_MODULES = YES;
				CLANG_ENABLE_OBJC_ARC = YES;
				CLANG_ENABLE_OBJC_WEAK = YES;
				CLANG_WARN_BLOCK_CAPTURE_AUTORELEASING = YES;
				CLANG_WARN_BOOL_CONVERSION = YES;
				CLANG_WARN_COMMA = YES;
				CLANG_WARN_CONSTANT_CONVERSION = YES;
				CLANG_WARN_DEPRECATED_OBJC_IMPLEMENTATIONS = YES;
				CLANG_WARN_DIRECT_OBJC_ISA_USAGE = YES_ERROR;
				CLANG_WARN_DOCUMENTATION_COMMENTS = YES;
				CLANG_WARN_EMPTY_BODY = YES;
				CLANG_WARN_ENUM_CONVERSION = YES;
				CLANG_WARN_INFINITE_RECURSION = YES;
				CLANG_WARN_INT_CONVERSION = YES;
				CLANG_WARN_NON_LITERAL_NULL_CONVERSION = YES;
				CLANG_WARN_OBJC_IMPLICIT_RETAIN_SELF = YES;
				CLANG_WARN_OBJC_LITERAL_CONVERSION = YES;
				CLANG_WARN_OBJC_ROOT_CLASS = YES_ERROR;
				CLANG_WARN_QUOTED_INCLUDE_IN_FRAMEWORK_HEADER = YES;
				CLANG_WARN_RANGE_LOOP_ANALYSIS = YES;
				CLANG_WARN_STRICT_PROTOTYPES = YES;
				CLANG_WARN_SUSPICIOUS_MOVE = YES;
				CLANG_WARN_UNGUARDED_AVAILABILITY = YES_AGGRESSIVE;
				CLANG_WARN_UNREACHABLE_CODE = YES;
				CLANG_WARN__DUPLICATE_METHOD_MATCH = YES;
				COPY_PHASE_STRIP = NO;
				DEBUG_INFORMATION_FORMAT = dwarf;
				ENABLE_STRICT_OBJC_MSGSEND = YES;
				ENABLE_TESTABILITY = YES;
				ENABLE_USER_SCRIPT_SANDBOXING = YES;
				GCC_C_LANGUAGE_STANDARD = gnu17;
				GCC_DYNAMIC_NO_PIC = NO;
				GCC_NO_COMMON_BLOCKS = YES;
				GCC_OPTIMIZATION_LEVEL = 0;
				GCC_PREPROCESSOR_DEFINITIONS = (
					"DEBUG=1",
					"$(inherited)",
				);
				GCC_WARN_64_TO_32_BIT_CONVERSION = YES;
				GCC_WARN_ABOUT_RETURN_TYPE = YES_ERROR;
				GCC_WARN_UNDECLARED_SELECTOR = YES;
				GCC_WARN_UNINITIALIZED_AUTOS = YES_AGGRESSIVE;
				GCC_WARN_UNUSED_FUNCTION = YES;
				GCC_WARN_UNUSED_VARIABLE = YES;
				LOCALIZATION_PREFERS_STRING_CATALOGS = YES;
				MTL_ENABLE_DEBUG_INFO = INCLUDE_SOURCE;
				MTL_FAST_MATH = YES;
				ONLY_ACTIVE_ARCH = YES;
				SWIFT_ACTIVE_COMPILATION_CONDITIONS = "DEBUG $(inherited)";
				SWIFT_OPTIMIZATION_LEVEL = "-Onone";
			};
			name = Debug;
		};
		B8554EDA2B07A9380091FE89 /* Release */ = {
			isa = XCBuildConfiguration;
			buildSettings = {
				ALWAYS_SEARCH_USER_PATHS = NO;
				ASSETCATALOG_COMPILER_GENERATE_SWIFT_ASSET_SYMBOL_EXTENSIONS = YES;
				CLANG_ANALYZER_NONNULL = YES;
				CLANG_ANALYZER_NUMBER_OBJECT_CONVERSION = YES_AGGRESSIVE;
				CLANG_CXX_LANGUAGE_STANDARD = "gnu++20";
				CLANG_ENABLE_MODULES = YES;
				CLANG_ENABLE_OBJC_ARC = YES;
				CLANG_ENABLE_OBJC_WEAK = YES;
				CLANG_WARN_BLOCK_CAPTURE_AUTORELEASING = YES;
				CLANG_WARN_BOOL_CONVERSION = YES;
				CLANG_WARN_COMMA = YES;
				CLANG_WARN_CONSTANT_CONVERSION = YES;
				CLANG_WARN_DEPRECATED_OBJC_IMPLEMENTATIONS = YES;
				CLANG_WARN_DIRECT_OBJC_ISA_USAGE = YES_ERROR;
				CLANG_WARN_DOCUMENTATION_COMMENTS = YES;
				CLANG_WARN_EMPTY_BODY = YES;
				CLANG_WARN_ENUM_CONVERSION = YES;
				CLANG_WARN_INFINITE_RECURSION = YES;
				CLANG_WARN_INT_CONVERSION = YES;
				CLANG_WARN_NON_LITERAL_NULL_CONVERSION = YES;
				CLANG_WARN_OBJC_IMPLICIT_RETAIN_SELF = YES;
				CLANG_WARN_OBJC_LITERAL_CONVERSION = YES;
				CLANG_WARN_OBJC_ROOT_CLASS = YES_ERROR;
				CLANG_WARN_QUOTED_INCLUDE_IN_FRAMEWORK_HEADER = YES;
				CLANG_WARN_RANGE_LOOP_ANALYSIS = YES;
				CLANG_WARN_STRICT_PROTOTYPES = YES;
				CLANG_WARN_SUSPICIOUS_MOVE = YES;
				CLANG_WARN_UNGUARDED_AVAILABILITY = YES_AGGRESSIVE;
				CLANG_WARN_UNREACHABLE_CODE = YES;
				CLANG_WARN__DUPLICATE_METHOD_MATCH = YES;
				COPY_PHASE_STRIP = NO;
				DEBUG_INFORMATION_FORMAT = "dwarf-with-dsym";
				ENABLE_NS_ASSERTIONS = NO;
				ENABLE_STRICT_OBJC_MSGSEND = YES;
				ENABLE_USER_SCRIPT_SANDBOXING = YES;
				GCC_C_LANGUAGE_STANDARD = gnu17;
				GCC_NO_COMMON_BLOCKS = YES;
				GCC_WARN_64_TO_32_BIT_CONVERSION = YES;
				GCC_WARN_ABOUT_RETURN_TYPE = YES_ERROR;
				GCC_WARN_UNDECLARED_SELECTOR = YES;
				GCC_WARN_UNINITIALIZED_AUTOS = YES_AGGRESSIVE;
				GCC_WARN_UNUSED_FUNCTION = YES;
				GCC_WARN_UNUSED_VARIABLE = YES;
				LOCALIZATION_PREFERS_STRING_CATALOGS = YES;
				MTL_ENABLE_DEBUG_INFO = NO;
				MTL_FAST_MATH = YES;
				SWIFT_COMPILATION_MODE = wholemodule;
			};
			name = Release;
		};
		B8554EDC2B07A9380091FE89 /* Debug */ = {
			isa = XCBuildConfiguration;
			buildSettings = {
				ASSETCATALOG_COMPILER_APPICON_NAME = AppIcon;
				ASSETCATALOG_COMPILER_GLOBAL_ACCENT_COLOR_NAME = AccentColor;
				CODE_SIGN_ENTITLEMENTS = TestApp/TestApp.entitlements;
				CODE_SIGN_STYLE = Automatic;
				CURRENT_PROJECT_VERSION = 1;
				DEVELOPMENT_ASSET_PATHS = "\"TestApp/Preview Content\"";
				ENABLE_PREVIEWS = YES;
				GENERATE_INFOPLIST_FILE = YES;
				"INFOPLIST_KEY_UIApplicationSceneManifest_Generation[sdk=iphoneos*]" = YES;
				"INFOPLIST_KEY_UIApplicationSceneManifest_Generation[sdk=iphonesimulator*]" = YES;
				"INFOPLIST_KEY_UIApplicationSupportsIndirectInputEvents[sdk=iphoneos*]" = YES;
				"INFOPLIST_KEY_UIApplicationSupportsIndirectInputEvents[sdk=iphonesimulator*]" = YES;
				"INFOPLIST_KEY_UILaunchScreen_Generation[sdk=iphoneos*]" = YES;
				"INFOPLIST_KEY_UILaunchScreen_Generation[sdk=iphonesimulator*]" = YES;
				"INFOPLIST_KEY_UIStatusBarStyle[sdk=iphoneos*]" = UIStatusBarStyleDefault;
				"INFOPLIST_KEY_UIStatusBarStyle[sdk=iphonesimulator*]" = UIStatusBarStyleDefault;
				INFOPLIST_KEY_UISupportedInterfaceOrientations_iPad = "UIInterfaceOrientationPortrait UIInterfaceOrientationPortraitUpsideDown UIInterfaceOrientationLandscapeLeft UIInterfaceOrientationLandscapeRight";
				INFOPLIST_KEY_UISupportedInterfaceOrientations_iPhone = "UIInterfaceOrientationPortrait UIInterfaceOrientationLandscapeLeft UIInterfaceOrientationLandscapeRight";
				IPHONEOS_DEPLOYMENT_TARGET = 17.0;
				LD_RUNPATH_SEARCH_PATHS = "@executable_path/Frameworks";
				"LD_RUNPATH_SEARCH_PATHS[sdk=macosx*]" = "@executable_path/../Frameworks";
				MACOSX_DEPLOYMENT_TARGET = 13.5;
				MARKETING_VERSION = 1.0;
				PRODUCT_BUNDLE_IDENTIFIER = testId.TestApp;
				PRODUCT_NAME = "$(TARGET_NAME)";
				SDKROOT = auto;
				SUPPORTED_PLATFORMS = "iphoneos iphonesimulator macosx";
				SWIFT_EMIT_LOC_STRINGS = YES;
				SWIFT_VERSION = 5.0;
				TARGETED_DEVICE_FAMILY = "1,2";
			};
			name = Debug;
		};
		B8554EDD2B07A9380091FE89 /* Release */ = {
			isa = XCBuildConfiguration;
			buildSettings = {
				ASSETCATALOG_COMPILER_APPICON_NAME = AppIcon;
				ASSETCATALOG_COMPILER_GLOBAL_ACCENT_COLOR_NAME = AccentColor;
				CODE_SIGN_ENTITLEMENTS = TestApp/TestApp.entitlements;
				CODE_SIGN_STYLE = Automatic;
				CURRENT_PROJECT_VERSION = 1;
				DEVELOPMENT_ASSET_PATHS = "\"TestApp/Preview Content\"";
				ENABLE_PREVIEWS = YES;
				GENERATE_INFOPLIST_FILE = YES;
				"INFOPLIST_KEY_UIApplicationSceneManifest_Generation[sdk=iphoneos*]" = YES;
				"INFOPLIST_KEY_UIApplicationSceneManifest_Generation[sdk=iphonesimulator*]" = YES;
				"INFOPLIST_KEY_UIApplicationSupportsIndirectInputEvents[sdk=iphoneos*]" = YES;
				"INFOPLIST_KEY_UIApplicationSupportsIndirectInputEvents[sdk=iphonesimulator*]" = YES;
				"INFOPLIST_KEY_UILaunchScreen_Generation[sdk=iphoneos*]" = YES;
				"INFOPLIST_KEY_UILaunchScreen_Generation[sdk=iphonesimulator*]" = YES;
				"INFOPLIST_KEY_UIStatusBarStyle[sdk=iphoneos*]" = UIStatusBarStyleDefault;
				"INFOPLIST_KEY_UIStatusBarStyle[sdk=iphonesimulator*]" = UIStatusBarStyleDefault;
				INFOPLIST_KEY_UISupportedInterfaceOrientations_iPad = "UIInterfaceOrientationPortrait UIInterfaceOrientationPortraitUpsideDown UIInterfaceOrientationLandscapeLeft UIInterfaceOrientationLandscapeRight";
				INFOPLIST_KEY_UISupportedInterfaceOrientations_iPhone = "UIInterfaceOrientationPortrait UIInterfaceOrientationLandscapeLeft UIInterfaceOrientationLandscapeRight";
				IPHONEOS_DEPLOYMENT_TARGET = 17.0;
				LD_RUNPATH_SEARCH_PATHS = "@executable_path/Frameworks";
				"LD_RUNPATH_SEARCH_PATHS[sdk=macosx*]" = "@executable_path/../Frameworks";
				MACOSX_DEPLOYMENT_TARGET = 13.5;
				MARKETING_VERSION = 1.0;
				PRODUCT_BUNDLE_IDENTIFIER = testId.TestApp;
				PRODUCT_NAME = "$(TARGET_NAME)";
				SDKROOT = auto;
				SUPPORTED_PLATFORMS = "iphoneos iphonesimulator macosx";
				SWIFT_EMIT_LOC_STRINGS = YES;
				SWIFT_VERSION = 5.0;
				TARGETED_DEVICE_FAMILY = "1,2";
			};
			name = Release;
		};
		B8554EDF2B07A9380091FE89 /* Debug */ = {
			isa = XCBuildConfiguration;
			buildSettings = {
				ALWAYS_EMBED_SWIFT_STANDARD_LIBRARIES = YES;
				BUNDLE_LOADER = "$(TEST_HOST)";
				CODE_SIGN_STYLE = Automatic;
				CURRENT_PROJECT_VERSION = 1;
				GENERATE_INFOPLIST_FILE = YES;
				IPHONEOS_DEPLOYMENT_TARGET = 17.0;
				MACOSX_DEPLOYMENT_TARGET = 13.5;
				MARKETING_VERSION = 1.0;
				PRODUCT_BUNDLE_IDENTIFIER = testId.TestAppTests;
				PRODUCT_NAME = "$(TARGET_NAME)";
				SDKROOT = auto;
				SUPPORTED_PLATFORMS = "iphoneos iphonesimulator macosx";
				SWIFT_EMIT_LOC_STRINGS = NO;
				SWIFT_VERSION = 5.0;
				TARGETED_DEVICE_FAMILY = "1,2";
				TEST_HOST = "$(BUILT_PRODUCTS_DIR)/TestApp.app/$(BUNDLE_EXECUTABLE_FOLDER_PATH)/TestApp";
			};
			name = Debug;
		};
		B8554EE02B07A9380091FE89 /* Release */ = {
			isa = XCBuildConfiguration;
			buildSettings = {
				ALWAYS_EMBED_SWIFT_STANDARD_LIBRARIES = YES;
				BUNDLE_LOADER = "$(TEST_HOST)";
				CODE_SIGN_STYLE = Automatic;
				CURRENT_PROJECT_VERSION = 1;
				GENERATE_INFOPLIST_FILE = YES;
				IPHONEOS_DEPLOYMENT_TARGET = 17.0;
				MACOSX_DEPLOYMENT_TARGET = 13.5;
				MARKETING_VERSION = 1.0;
				PRODUCT_BUNDLE_IDENTIFIER = testId.TestAppTests;
				PRODUCT_NAME = "$(TARGET_NAME)";
				SDKROOT = auto;
				SUPPORTED_PLATFORMS = "iphoneos iphonesimulator macosx";
				SWIFT_EMIT_LOC_STRINGS = NO;
				SWIFT_VERSION = 5.0;
				TARGETED_DEVICE_FAMILY = "1,2";
				TEST_HOST = "$(BUILT_PRODUCTS_DIR)/TestApp.app/$(BUNDLE_EXECUTABLE_FOLDER_PATH)/TestApp";
			};
			name = Release;
		};
		B8554EE22B07A9380091FE89 /* Debug */ = {
			isa = XCBuildConfiguration;
			buildSettings = {
				ALWAYS_EMBED_SWIFT_STANDARD_LIBRARIES = YES;
				CODE_SIGN_STYLE = Automatic;
				CURRENT_PROJECT_VERSION = 1;
				GENERATE_INFOPLIST_FILE = YES;
				IPHONEOS_DEPLOYMENT_TARGET = 17.0;
				MACOSX_DEPLOYMENT_TARGET = 13.5;
				MARKETING_VERSION = 1.0;
				PRODUCT_BUNDLE_IDENTIFIER = testId.TestAppUITests;
				PRODUCT_NAME = "$(TARGET_NAME)";
				SDKROOT = auto;
				SUPPORTED_PLATFORMS = "iphoneos iphonesimulator macosx";
				SWIFT_EMIT_LOC_STRINGS = NO;
				SWIFT_VERSION = 5.0;
				TARGETED_DEVICE_FAMILY = "1,2";
				TEST_TARGET_NAME = TestApp;
			};
			name = Debug;
		};
		B8554EE32B07A9380091FE89 /* Release */ = {
			isa = XCBuildConfiguration;
			buildSettings = {
				ALWAYS_EMBED_SWIFT_STANDARD_LIBRARIES = YES;
				CODE_SIGN_STYLE = Automatic;
				CURRENT_PROJECT_VERSION = 1;
				GENERATE_INFOPLIST_FILE = YES;
				IPHONEOS_DEPLOYMENT_TARGET = 17.0;
				MACOSX_DEPLOYMENT_TARGET = 13.5;
				MARKETING_VERSION = 1.0;
				PRODUCT_BUNDLE_IDENTIFIER = testId.TestAppUITests;
				PRODUCT_NAME = "$(TARGET_NAME)";
				SDKROOT = auto;
				SUPPORTED_PLATFORMS = "iphoneos iphonesimulator macosx";
				SWIFT_EMIT_LOC_STRINGS = NO;
				SWIFT_VERSION = 5.0;
				TARGETED_DEVICE_FAMILY = "1,2";
				TEST_TARGET_NAME = TestApp;
			};
			name = Release;
		};
/* End XCBuildConfiguration section */

/* Begin XCConfigurationList section */
		B8554EB12B07A9350091FE89 /* Build configuration list for PBXProject "TestApp" */ = {
			isa = XCConfigurationList;
			buildConfigurations = (
				B8554ED92B07A9380091FE89 /* Debug */,
				B8554EDA2B07A9380091FE89 /* Release */,
			);
			defaultConfigurationIsVisible = 0;
			defaultConfigurationName = Release;
		};
		B8554EDB2B07A9380091FE89 /* Build configuration list for PBXNativeTarget "TestApp" */ = {
			isa = XCConfigurationList;
			buildConfigurations = (
				B8554EDC2B07A9380091FE89 /* Debug */,
				B8554EDD2B07A9380091FE89 /* Release */,
			);
			defaultConfigurationIsVisible = 0;
			defaultConfigurationName = Release;
		};
		B8554EDE2B07A9380091FE89 /* Build configuration list for PBXNativeTarget "TestAppTests" */ = {
			isa = XCConfigurationList;
			buildConfigurations = (
				B8554EDF2B07A9380091FE89 /* Debug */,
				B8554EE02B07A9380091FE89 /* Release */,
			);
			defaultConfigurationIsVisible = 0;
			defaultConfigurationName = Release;
		};
		B8554EE12B07A9380091FE89 /* Build configuration list for PBXNativeTarget "TestAppUITests" */ = {
			isa = XCConfigurationList;
			buildConfigurations = (
				B8554EE22B07A9380091FE89 /* Debug */,
				B8554EE32B07A9380091FE89 /* Release */,
			);
			defaultConfigurationIsVisible = 0;
			defaultConfigurationName = Release;
		};
/* End XCConfigurationList section */
	};
	rootObject = B8554EAE2B07A9350091FE89 /* Project object */;
}
